
Microsoft Visual Studio Solution File, Format Version 12.00
# Visual Studio Version 17
VisualStudioVersion = 17.5.33516.290
MinimumVisualStudioVersion = 10.0.40219.1
Project("{FAE04EC0-301F-11D3-BF4B-00C04F79EFBC}") = "WebHangTot", "WebHangTot\WebHangTot.csproj", "{A237BF53-4D2D-4AAC-A25A-3F238E4A0006}"
EndProject
Global
	GlobalSection(SolutionConfigurationPlatforms) = preSolution
		Debug|Any CPU = Debug|Any CPU
		Release|Any CPU = Release|Any CPU
	EndGlobalSection
	GlobalSection(ProjectConfigurationPlatforms) = postSolution
		{A237BF53-4D2D-4AAC-A25A-3F238E4A0006}.Debug|Any CPU.ActiveCfg = Debug|Any CPU
		{A237BF53-4D2D-4AAC-A25A-3F238E4A0006}.Debug|Any CPU.Build.0 = Debug|Any CPU
		{A237BF53-4D2D-4AAC-A25A-3F238E4A0006}.Release|Any CPU.ActiveCfg = Release|Any CPU
		{A237BF53-4D2D-4AAC-A25A-3F238E4A0006}.Release|Any CPU.Build.0 = Release|Any CPU
	EndGlobalSection
	GlobalSection(SolutionProperties) = preSolution
		HideSolutionNode = FALSE
	EndGlobalSection
	GlobalSection(ExtensibilityGlobals) = postSolution
		SolutionGuid = {1C8FAE34-B753-43E7-BF8C-8DC3C10996B7}
	EndGlobalSection
EndGlobal
