
Microsoft Visual Studio Solution File, Format Version 12.00
# Visual Studio Version 17
VisualStudioVersion = 17.5.33516.290
MinimumVisualStudioVersion = 10.0.40219.1
Project("{9A19103F-16F7-4668-BE54-9A1E7A4F7556}") = "WebHangTot", "WebHangTot.csproj", "{8A3473A5-AC64-4481-B8F0-0ED3E60D9FE1}"
EndProject
Global
	GlobalSection(SolutionConfigurationPlatforms) = preSolution
		Debug|Any CPU = Debug|Any CPU
		Release|Any CPU = Release|Any CPU
	EndGlobalSection
	GlobalSection(ProjectConfigurationPlatforms) = postSolution
		{8A3473A5-AC64-4481-B8F0-0ED3E60D9FE1}.Debug|Any CPU.ActiveCfg = Debug|Any CPU
		{8A3473A5-AC64-4481-B8F0-0ED3E60D9FE1}.Debug|Any CPU.Build.0 = Debug|Any CPU
		{8A3473A5-AC64-4481-B8F0-0ED3E60D9FE1}.Release|Any CPU.ActiveCfg = Release|Any CPU
		{8A3473A5-AC64-4481-B8F0-0ED3E60D9FE1}.Release|Any CPU.Build.0 = Release|Any CPU
	EndGlobalSection
	GlobalSection(SolutionProperties) = preSolution
		HideSolutionNode = FALSE
	EndGlobalSection
	GlobalSection(ExtensibilityGlobals) = postSolution
		SolutionGuid = {77F296F2-9B9F-4CEE-A527-6F2E544D40E7}
	EndGlobalSection
EndGlobal
